{
  "name": "@migueldamota/log",
  "version": "0.0.1",
  "lockfileVersion": 2,
  "requires": true,
  "packages": {
    "": {
      "version": "0.0.1",
      "license": "ISC",
      "devDependencies": {
        "@types/node": "^16.4.7"
      }
    },
    "node_modules/@types/node": {
      "version": "16.4.7",
      "resolved": "https://registry.npmjs.org/@types/node/-/node-16.4.7.tgz",
      "integrity": "sha512-aDDY54sst8sx47CWT6QQqIZp45yURq4dic0+HCYfYNcY5Ejlb/CLmFnRLfy3wQuYafOeh3lB/DAKaqRKBtcZmA==",
      "dev": true
    }
  },
  "dependencies": {
    "@types/node": {
      "version": "16.4.7",
      "resolved": "https://registry.npmjs.org/@types/node/-/node-16.4.7.tgz",
      "integrity": "sha512-aDDY54sst8sx47CWT6QQqIZp45yURq4dic0+HCYfYNcY5Ejlb/CLmFnRLfy3wQuYafOeh3lB/DAKaqRKBtcZmA==",
      "dev": true
    }
  }
}
